
Microsoft Visual Studio Solution File, Format Version 12.00
# Visual Studio 14
VisualStudioVersion = 14.0.25123.0
MinimumVisualStudioVersion = 10.0.40219.1
Project("{FAE04EC0-301F-11D3-BF4B-00C04F79EFBC}") = "01_Chapter6", "01_Chapter6\01_Chapter6.csproj", "{BC0E1F1A-7822-40B3-99FA-6272B89E47B5}"
EndProject
Project("{FAE04EC0-301F-11D3-BF4B-00C04F79EFBC}") = "02_Chapter6", "02_Chapter6\02_Chapter6.csproj", "{81BA62F0-85F0-42E7-99E7-D0B5038F26A4}"
EndProject
Project("{FAE04EC0-301F-11D3-BF4B-00C04F79EFBC}") = "03_Chapter6", "03_Chapter6\03_Chapter6.csproj", "{5A6221B7-6943-4D27-9FF8-4596DD88FEF2}"
EndProject
Project("{FAE04EC0-301F-11D3-BF4B-00C04F79EFBC}") = "04_Chapter6", "04_Chapter6\04_Chapter6.csproj", "{FCB4D00E-C6FF-472A-AC3A-E3A94430D758}"
EndProject
Project("{FAE04EC0-301F-11D3-BF4B-00C04F79EFBC}") = "05_Chapter6", "05_Chapter6\05_Chapter6.csproj", "{E50808C4-BA3B-4652-A344-3BA90924E153}"
EndProject
Project("{FAE04EC0-301F-11D3-BF4B-00C04F79EFBC}") = "06_Chapter6", "06_Chapter6\06_Chapter6.csproj", "{77837A19-CAF0-4266-98A9-F0C1373C0682}"
EndProject
Project("{FAE04EC0-301F-11D3-BF4B-00C04F79EFBC}") = "07_Chapter6", "07_Chapter6\07_Chapter6.csproj", "{156AE963-4922-4053-99E4-750CED1FD6FE}"
EndProject
Project("{FAE04EC0-301F-11D3-BF4B-00C04F79EFBC}") = "08_Chapter6", "08_Chapter6\08_Chapter6.csproj", "{B40A5376-0CE5-42DA-AAA4-AE5790FE59F6}"
EndProject
Project("{FAE04EC0-301F-11D3-BF4B-00C04F79EFBC}") = "09_Chapter6", "09_Chapter6\09_Chapter6.csproj", "{4A6B8353-705D-4F69-9A87-6E218A8149B5}"
EndProject
Project("{FAE04EC0-301F-11D3-BF4B-00C04F79EFBC}") = "10_Chapter6", "10_Chapter6\10_Chapter6.csproj", "{442C9194-9D06-468D-9C55-43AE0D0B9807}"
EndProject
Project("{FAE04EC0-301F-11D3-BF4B-00C04F79EFBC}") = "11_Chapter6", "11_Chapter6\11_Chapter6.csproj", "{81B56FED-7E51-4B4B-A5DD-27F1019F2770}"
EndProject
Project("{FAE04EC0-301F-11D3-BF4B-00C04F79EFBC}") = "12_Chapter6", "12_Chapter6\12_Chapter6.csproj", "{7D3DF968-1F5E-44AF-86B7-ED64440775E2}"
EndProject
Project("{FAE04EC0-301F-11D3-BF4B-00C04F79EFBC}") = "13_Chapter6", "13_Chapter6\13_Chapter6.csproj", "{568B1CB8-774A-4A9A-BFAB-DF0C631841A8}"
EndProject
Project("{FAE04EC0-301F-11D3-BF4B-00C04F79EFBC}") = "14_Chapter6_Test", "14_Chapter6_Test\14_Chapter6_Test.csproj", "{C266470C-C76B-49B3-B4E4-622080C52864}"
EndProject
Project("{FAE04EC0-301F-11D3-BF4B-00C04F79EFBC}") = "15_Chapter6", "15_Chapter6\15_Chapter6.csproj", "{586F72DE-99D3-4D36-B04A-BB8F4600252C}"
EndProject
Global
	GlobalSection(SolutionConfigurationPlatforms) = preSolution
		Debug|Any CPU = Debug|Any CPU
		Release|Any CPU = Release|Any CPU
	EndGlobalSection
	GlobalSection(ProjectConfigurationPlatforms) = postSolution
		{BC0E1F1A-7822-40B3-99FA-6272B89E47B5}.Debug|Any CPU.ActiveCfg = Debug|Any CPU
		{BC0E1F1A-7822-40B3-99FA-6272B89E47B5}.Debug|Any CPU.Build.0 = Debug|Any CPU
		{BC0E1F1A-7822-40B3-99FA-6272B89E47B5}.Release|Any CPU.ActiveCfg = Release|Any CPU
		{BC0E1F1A-7822-40B3-99FA-6272B89E47B5}.Release|Any CPU.Build.0 = Release|Any CPU
		{81BA62F0-85F0-42E7-99E7-D0B5038F26A4}.Debug|Any CPU.ActiveCfg = Debug|Any CPU
		{81BA62F0-85F0-42E7-99E7-D0B5038F26A4}.Debug|Any CPU.Build.0 = Debug|Any CPU
		{81BA62F0-85F0-42E7-99E7-D0B5038F26A4}.Release|Any CPU.ActiveCfg = Release|Any CPU
		{81BA62F0-85F0-42E7-99E7-D0B5038F26A4}.Release|Any CPU.Build.0 = Release|Any CPU
		{5A6221B7-6943-4D27-9FF8-4596DD88FEF2}.Debug|Any CPU.ActiveCfg = Debug|Any CPU
		{5A6221B7-6943-4D27-9FF8-4596DD88FEF2}.Debug|Any CPU.Build.0 = Debug|Any CPU
		{5A6221B7-6943-4D27-9FF8-4596DD88FEF2}.Release|Any CPU.ActiveCfg = Release|Any CPU
		{5A6221B7-6943-4D27-9FF8-4596DD88FEF2}.Release|Any CPU.Build.0 = Release|Any CPU
		{FCB4D00E-C6FF-472A-AC3A-E3A94430D758}.Debug|Any CPU.ActiveCfg = Debug|Any CPU
		{FCB4D00E-C6FF-472A-AC3A-E3A94430D758}.Debug|Any CPU.Build.0 = Debug|Any CPU
		{FCB4D00E-C6FF-472A-AC3A-E3A94430D758}.Release|Any CPU.ActiveCfg = Release|Any CPU
		{FCB4D00E-C6FF-472A-AC3A-E3A94430D758}.Release|Any CPU.Build.0 = Release|Any CPU
		{E50808C4-BA3B-4652-A344-3BA90924E153}.Debug|Any CPU.ActiveCfg = Debug|Any CPU
		{E50808C4-BA3B-4652-A344-3BA90924E153}.Debug|Any CPU.Build.0 = Debug|Any CPU
		{E50808C4-BA3B-4652-A344-3BA90924E153}.Release|Any CPU.ActiveCfg = Release|Any CPU
		{E50808C4-BA3B-4652-A344-3BA90924E153}.Release|Any CPU.Build.0 = Release|Any CPU
		{77837A19-CAF0-4266-98A9-F0C1373C0682}.Debug|Any CPU.ActiveCfg = Debug|Any CPU
		{77837A19-CAF0-4266-98A9-F0C1373C0682}.Debug|Any CPU.Build.0 = Debug|Any CPU
		{77837A19-CAF0-4266-98A9-F0C1373C0682}.Release|Any CPU.ActiveCfg = Release|Any CPU
		{77837A19-CAF0-4266-98A9-F0C1373C0682}.Release|Any CPU.Build.0 = Release|Any CPU
		{156AE963-4922-4053-99E4-750CED1FD6FE}.Debug|Any CPU.ActiveCfg = Debug|Any CPU
		{156AE963-4922-4053-99E4-750CED1FD6FE}.Debug|Any CPU.Build.0 = Debug|Any CPU
		{156AE963-4922-4053-99E4-750CED1FD6FE}.Release|Any CPU.ActiveCfg = Release|Any CPU
		{156AE963-4922-4053-99E4-750CED1FD6FE}.Release|Any CPU.Build.0 = Release|Any CPU
		{B40A5376-0CE5-42DA-AAA4-AE5790FE59F6}.Debug|Any CPU.ActiveCfg = Debug|Any CPU
		{B40A5376-0CE5-42DA-AAA4-AE5790FE59F6}.Debug|Any CPU.Build.0 = Debug|Any CPU
		{B40A5376-0CE5-42DA-AAA4-AE5790FE59F6}.Release|Any CPU.ActiveCfg = Release|Any CPU
		{B40A5376-0CE5-42DA-AAA4-AE5790FE59F6}.Release|Any CPU.Build.0 = Release|Any CPU
		{4A6B8353-705D-4F69-9A87-6E218A8149B5}.Debug|Any CPU.ActiveCfg = Debug|Any CPU
		{4A6B8353-705D-4F69-9A87-6E218A8149B5}.Debug|Any CPU.Build.0 = Debug|Any CPU
		{4A6B8353-705D-4F69-9A87-6E218A8149B5}.Release|Any CPU.ActiveCfg = Release|Any CPU
		{4A6B8353-705D-4F69-9A87-6E218A8149B5}.Release|Any CPU.Build.0 = Release|Any CPU
		{442C9194-9D06-468D-9C55-43AE0D0B9807}.Debug|Any CPU.ActiveCfg = Debug|Any CPU
		{442C9194-9D06-468D-9C55-43AE0D0B9807}.Debug|Any CPU.Build.0 = Debug|Any CPU
		{442C9194-9D06-468D-9C55-43AE0D0B9807}.Release|Any CPU.ActiveCfg = Release|Any CPU
		{442C9194-9D06-468D-9C55-43AE0D0B9807}.Release|Any CPU.Build.0 = Release|Any CPU
		{81B56FED-7E51-4B4B-A5DD-27F1019F2770}.Debug|Any CPU.ActiveCfg = Debug|Any CPU
		{81B56FED-7E51-4B4B-A5DD-27F1019F2770}.Debug|Any CPU.Build.0 = Debug|Any CPU
		{81B56FED-7E51-4B4B-A5DD-27F1019F2770}.Release|Any CPU.ActiveCfg = Release|Any CPU
		{81B56FED-7E51-4B4B-A5DD-27F1019F2770}.Release|Any CPU.Build.0 = Release|Any CPU
		{7D3DF968-1F5E-44AF-86B7-ED64440775E2}.Debug|Any CPU.ActiveCfg = Debug|Any CPU
		{7D3DF968-1F5E-44AF-86B7-ED64440775E2}.Debug|Any CPU.Build.0 = Debug|Any CPU
		{7D3DF968-1F5E-44AF-86B7-ED64440775E2}.Release|Any CPU.ActiveCfg = Release|Any CPU
		{7D3DF968-1F5E-44AF-86B7-ED64440775E2}.Release|Any CPU.Build.0 = Release|Any CPU
		{568B1CB8-774A-4A9A-BFAB-DF0C631841A8}.Debug|Any CPU.ActiveCfg = Debug|Any CPU
		{568B1CB8-774A-4A9A-BFAB-DF0C631841A8}.Debug|Any CPU.Build.0 = Debug|Any CPU
		{568B1CB8-774A-4A9A-BFAB-DF0C631841A8}.Release|Any CPU.ActiveCfg = Release|Any CPU
		{568B1CB8-774A-4A9A-BFAB-DF0C631841A8}.Release|Any CPU.Build.0 = Release|Any CPU
		{C266470C-C76B-49B3-B4E4-622080C52864}.Debug|Any CPU.ActiveCfg = Debug|Any CPU
		{C266470C-C76B-49B3-B4E4-622080C52864}.Debug|Any CPU.Build.0 = Debug|Any CPU
		{C266470C-C76B-49B3-B4E4-622080C52864}.Release|Any CPU.ActiveCfg = Release|Any CPU
		{C266470C-C76B-49B3-B4E4-622080C52864}.Release|Any CPU.Build.0 = Release|Any CPU
		{586F72DE-99D3-4D36-B04A-BB8F4600252C}.Debug|Any CPU.ActiveCfg = Debug|Any CPU
		{586F72DE-99D3-4D36-B04A-BB8F4600252C}.Debug|Any CPU.Build.0 = Debug|Any CPU
		{586F72DE-99D3-4D36-B04A-BB8F4600252C}.Release|Any CPU.ActiveCfg = Release|Any CPU
		{586F72DE-99D3-4D36-B04A-BB8F4600252C}.Release|Any CPU.Build.0 = Release|Any CPU
	EndGlobalSection
	GlobalSection(SolutionProperties) = preSolution
		HideSolutionNode = FALSE
	EndGlobalSection
EndGlobal
